// !$*UTF8*$!
{
	archiveVersion = 1;
	classes = {
	};
	objectVersion = 50;
	objects = {

/* Begin PBXBuildFile section */
		C638A6F5267848D2009386B0 /* CardViewCell.swift in Sources */ = {isa = PBXBuildFile; fileRef = C638A6F4267848D2009386B0 /* CardViewCell.swift */; };
		C6406C5726784AE5004CDD65 /* Ramen.swift in Sources */ = {isa = PBXBuildFile; fileRef = C6406C5626784AE5004CDD65 /* Ramen.swift */; };
		C6406C5A2678596E004CDD65 /* Merriweather-Regular.ttf in Resources */ = {isa = PBXBuildFile; fileRef = C6406C592678596E004CDD65 /* Merriweather-Regular.ttf */; };
		C6406C5E267881DE004CDD65 /* UIColor+Style.swift in Sources */ = {isa = PBXBuildFile; fileRef = C6406C5D267881DE004CDD65 /* UIColor+Style.swift */; };
		C6406C642678B1F1004CDD65 /* TagsCollectionViewCell.swift in Sources */ = {isa = PBXBuildFile; fileRef = C6406C632678B1F1004CDD65 /* TagsCollectionViewCell.swift */; };
		C6406C662678F1ED004CDD65 /* Tag.swift in Sources */ = {isa = PBXBuildFile; fileRef = C6406C652678F1ED004CDD65 /* Tag.swift */; };
		C652A671267DCB1800857884 /* Feedback.swift in Sources */ = {isa = PBXBuildFile; fileRef = C652A670267DCB1800857884 /* Feedback.swift */; };
		C652A673267DCB3600857884 /* Ingredient.swift in Sources */ = {isa = PBXBuildFile; fileRef = C652A672267DCB3600857884 /* Ingredient.swift */; };
		C652A676267DCB5C00857884 /* Process.swift in Sources */ = {isa = PBXBuildFile; fileRef = C652A675267DCB5C00857884 /* Process.swift */; };
		C6F7D7C52676FD9600AF0DE2 /* StartController.swift in Sources */ = {isa = PBXBuildFile; fileRef = C6F7D7C42676FD9600AF0DE2 /* StartController.swift */; };
		C6F7D7C82677131200AF0DE2 /* UIView+Extended.swift in Sources */ = {isa = PBXBuildFile; fileRef = C6F7D7C72677131200AF0DE2 /* UIView+Extended.swift */; };
		EC413AA3267AEA5C001FCC94 /* InputFeedbackTableViewCell.swift in Sources */ = {isa = PBXBuildFile; fileRef = EC413AA1267AEA5C001FCC94 /* InputFeedbackTableViewCell.swift */; };
		EC413AA4267AEA5C001FCC94 /* InputFeedbackTableViewCell.xib in Resources */ = {isa = PBXBuildFile; fileRef = EC413AA2267AEA5C001FCC94 /* InputFeedbackTableViewCell.xib */; };
		EC413AAD267AF200001FCC94 /* InputFeedbackView.storyboard in Resources */ = {isa = PBXBuildFile; fileRef = EC413AAC267AF200001FCC94 /* InputFeedbackView.storyboard */; };
		EC413AB0267AF238001FCC94 /* InputFeedbackViewController.swift in Sources */ = {isa = PBXBuildFile; fileRef = EC413AAF267AF238001FCC94 /* InputFeedbackViewController.swift */; };
		EC5A0F20267BA27E00DD8FB7 /* FeedbackCollectionViewCell.swift in Sources */ = {isa = PBXBuildFile; fileRef = EC5A0F1E267BA27E00DD8FB7 /* FeedbackCollectionViewCell.swift */; };
		EC5A0F21267BA27E00DD8FB7 /* FeedbackCollectionViewCell.xib in Resources */ = {isa = PBXBuildFile; fileRef = EC5A0F1F267BA27E00DD8FB7 /* FeedbackCollectionViewCell.xib */; };
		EC78203D267C4D0F00960C42 /* SubmitButtonTableViewCell.swift in Sources */ = {isa = PBXBuildFile; fileRef = EC78203B267C4D0F00960C42 /* SubmitButtonTableViewCell.swift */; };
		EC78203E267C4D0F00960C42 /* SubmitButtonTableViewCell.xib in Resources */ = {isa = PBXBuildFile; fileRef = EC78203C267C4D0F00960C42 /* SubmitButtonTableViewCell.xib */; };
		ECACE62C2680A8A500D33B8E /* TextTableViewCell.xib in Resources */ = {isa = PBXBuildFile; fileRef = ECACE62A2680A8A500D33B8E /* TextTableViewCell.xib */; };
		ECACE62D2680A8A500D33B8E /* TextTableViewCell.swift in Sources */ = {isa = PBXBuildFile; fileRef = ECACE62B2680A8A500D33B8E /* TextTableViewCell.swift */; };
		ECBEAD582676F45500144217 /* AppDelegate.swift in Sources */ = {isa = PBXBuildFile; fileRef = ECBEAD572676F45500144217 /* AppDelegate.swift */; };
		ECBEAD5A2676F45500144217 /* SceneDelegate.swift in Sources */ = {isa = PBXBuildFile; fileRef = ECBEAD592676F45500144217 /* SceneDelegate.swift */; };
		ECBEAD622676F45500144217 /* Ramenology_uikit.xcdatamodeld in Sources */ = {isa = PBXBuildFile; fileRef = ECBEAD602676F45500144217 /* Ramenology_uikit.xcdatamodeld */; };
		ECBEAD642676F45C00144217 /* Assets.xcassets in Resources */ = {isa = PBXBuildFile; fileRef = ECBEAD632676F45C00144217 /* Assets.xcassets */; };
		ECBEAD672676F45C00144217 /* LaunchScreen.storyboard in Resources */ = {isa = PBXBuildFile; fileRef = ECBEAD652676F45C00144217 /* LaunchScreen.storyboard */; };
		ECBEAD792676FC1500144217 /* RamenDetailViewController.swift in Sources */ = {isa = PBXBuildFile; fileRef = ECBEAD782676FC1500144217 /* RamenDetailViewController.swift */; };
		ECBEAD902678566E00144217 /* ImageTableViewCell.swift in Sources */ = {isa = PBXBuildFile; fileRef = ECBEAD8E2678566D00144217 /* ImageTableViewCell.swift */; };
		ECBEAD912678566E00144217 /* ImageTableViewCell.xib in Resources */ = {isa = PBXBuildFile; fileRef = ECBEAD8F2678566E00144217 /* ImageTableViewCell.xib */; };
		ECBEAD9826786E3C00144217 /* Extension+UIView.swift in Sources */ = {isa = PBXBuildFile; fileRef = ECBEAD9726786E3C00144217 /* Extension+UIView.swift */; };
		ECBEADAF2678EB9200144217 /* EmptyStateTableViewCell.swift in Sources */ = {isa = PBXBuildFile; fileRef = ECBEADAD2678EB9200144217 /* EmptyStateTableViewCell.swift */; };
		ECBEADB02678EB9200144217 /* EmptyStateTableViewCell.xib in Resources */ = {isa = PBXBuildFile; fileRef = ECBEADAE2678EB9200144217 /* EmptyStateTableViewCell.xib */; };
		ECBEADF32679128C00144217 /* RamenDetailView.storyboard in Resources */ = {isa = PBXBuildFile; fileRef = ECBEADF22679128C00144217 /* RamenDetailView.storyboard */; };
		ECBEADF6267912AE00144217 /* Start.storyboard in Resources */ = {isa = PBXBuildFile; fileRef = ECBEADF5267912AE00144217 /* Start.storyboard */; };
		ECBEAE01267A48AD00144217 /* FeedbackDetailView.storyboard in Resources */ = {isa = PBXBuildFile; fileRef = ECBEAE00267A48AD00144217 /* FeedbackDetailView.storyboard */; };
		ECBEAE04267A48DA00144217 /* FeedbackDetailViewController.swift in Sources */ = {isa = PBXBuildFile; fileRef = ECBEAE03267A48DA00144217 /* FeedbackDetailViewController.swift */; };
		ECBEAE08267A4DD300144217 /* FeedbackDetailTableViewCell.swift in Sources */ = {isa = PBXBuildFile; fileRef = ECBEAE06267A4DD300144217 /* FeedbackDetailTableViewCell.swift */; };
		ECBEAE09267A4DD300144217 /* FeedbackDetailTableViewCell.xib in Resources */ = {isa = PBXBuildFile; fileRef = ECBEAE07267A4DD300144217 /* FeedbackDetailTableViewCell.xib */; };
		F95CB1F726803FE80065B523 /* categoryPickerCell.swift in Sources */ = {isa = PBXBuildFile; fileRef = F95CB1F626803FE80065B523 /* categoryPickerCell.swift */; };
		F95CB1F9268040360065B523 /* servingPickerCell.swift in Sources */ = {isa = PBXBuildFile; fileRef = F95CB1F8268040360065B523 /* servingPickerCell.swift */; };
		F95CB1FB2680407B0065B523 /* detailCell.swift in Sources */ = {isa = PBXBuildFile; fileRef = F95CB1FA2680407B0065B523 /* detailCell.swift */; };
		F95CB1FE268040D80065B523 /* ingProcTable.swift in Sources */ = {isa = PBXBuildFile; fileRef = F95CB1FD268040D80065B523 /* ingProcTable.swift */; };
		F95CB200268041030065B523 /* cookingPickerCell.swift in Sources */ = {isa = PBXBuildFile; fileRef = F95CB1FF268041030065B523 /* cookingPickerCell.swift */; };
		F9EB70B2267DA934001D252F /* AddRecipeView.storyboard in Resources */ = {isa = PBXBuildFile; fileRef = F9EB70B1267DA934001D252F /* AddRecipeView.storyboard */; };
		F9EB70B4267DC83E001D252F /* AddRecipeViewController.swift in Sources */ = {isa = PBXBuildFile; fileRef = F9EB70B3267DC83E001D252F /* AddRecipeViewController.swift */; };
/* End PBXBuildFile section */

/* Begin PBXFileReference section */
		C638A6F4267848D2009386B0 /* CardViewCell.swift */ = {isa = PBXFileReference; lastKnownFileType = sourcecode.swift; path = CardViewCell.swift; sourceTree = "<group>"; };
		C6406C5626784AE5004CDD65 /* Ramen.swift */ = {isa = PBXFileReference; lastKnownFileType = sourcecode.swift; path = Ramen.swift; sourceTree = "<group>"; };
		C6406C592678596E004CDD65 /* Merriweather-Regular.ttf */ = {isa = PBXFileReference; lastKnownFileType = file; path = "Merriweather-Regular.ttf"; sourceTree = "<group>"; };
		C6406C5D267881DE004CDD65 /* UIColor+Style.swift */ = {isa = PBXFileReference; lastKnownFileType = sourcecode.swift; path = "UIColor+Style.swift"; sourceTree = "<group>"; };
		C6406C632678B1F1004CDD65 /* TagsCollectionViewCell.swift */ = {isa = PBXFileReference; lastKnownFileType = sourcecode.swift; path = TagsCollectionViewCell.swift; sourceTree = "<group>"; };
		C6406C652678F1ED004CDD65 /* Tag.swift */ = {isa = PBXFileReference; lastKnownFileType = sourcecode.swift; path = Tag.swift; sourceTree = "<group>"; };
		C652A670267DCB1800857884 /* Feedback.swift */ = {isa = PBXFileReference; lastKnownFileType = sourcecode.swift; path = Feedback.swift; sourceTree = "<group>"; };
		C652A672267DCB3600857884 /* Ingredient.swift */ = {isa = PBXFileReference; lastKnownFileType = sourcecode.swift; path = Ingredient.swift; sourceTree = "<group>"; };
		C652A675267DCB5C00857884 /* Process.swift */ = {isa = PBXFileReference; lastKnownFileType = sourcecode.swift; path = Process.swift; sourceTree = "<group>"; };
		C6F7D7C42676FD9600AF0DE2 /* StartController.swift */ = {isa = PBXFileReference; lastKnownFileType = sourcecode.swift; path = StartController.swift; sourceTree = "<group>"; };
		C6F7D7C72677131200AF0DE2 /* UIView+Extended.swift */ = {isa = PBXFileReference; lastKnownFileType = sourcecode.swift; path = "UIView+Extended.swift"; sourceTree = "<group>"; };
		EC413AA1267AEA5C001FCC94 /* InputFeedbackTableViewCell.swift */ = {isa = PBXFileReference; lastKnownFileType = sourcecode.swift; path = InputFeedbackTableViewCell.swift; sourceTree = "<group>"; };
		EC413AA2267AEA5C001FCC94 /* InputFeedbackTableViewCell.xib */ = {isa = PBXFileReference; lastKnownFileType = file.xib; path = InputFeedbackTableViewCell.xib; sourceTree = "<group>"; };
		EC413AAC267AF200001FCC94 /* InputFeedbackView.storyboard */ = {isa = PBXFileReference; lastKnownFileType = file.storyboard; path = InputFeedbackView.storyboard; sourceTree = "<group>"; };
		EC413AAF267AF238001FCC94 /* InputFeedbackViewController.swift */ = {isa = PBXFileReference; lastKnownFileType = sourcecode.swift; path = InputFeedbackViewController.swift; sourceTree = "<group>"; };
		EC5A0F1E267BA27E00DD8FB7 /* FeedbackCollectionViewCell.swift */ = {isa = PBXFileReference; lastKnownFileType = sourcecode.swift; path = FeedbackCollectionViewCell.swift; sourceTree = "<group>"; };
		EC5A0F1F267BA27E00DD8FB7 /* FeedbackCollectionViewCell.xib */ = {isa = PBXFileReference; lastKnownFileType = file.xib; path = FeedbackCollectionViewCell.xib; sourceTree = "<group>"; };
		EC78203B267C4D0F00960C42 /* SubmitButtonTableViewCell.swift */ = {isa = PBXFileReference; lastKnownFileType = sourcecode.swift; path = SubmitButtonTableViewCell.swift; sourceTree = "<group>"; };
		EC78203C267C4D0F00960C42 /* SubmitButtonTableViewCell.xib */ = {isa = PBXFileReference; lastKnownFileType = file.xib; path = SubmitButtonTableViewCell.xib; sourceTree = "<group>"; };
		ECACE62A2680A8A500D33B8E /* TextTableViewCell.xib */ = {isa = PBXFileReference; fileEncoding = 4; lastKnownFileType = file.xib; path = TextTableViewCell.xib; sourceTree = "<group>"; };
		ECACE62B2680A8A500D33B8E /* TextTableViewCell.swift */ = {isa = PBXFileReference; fileEncoding = 4; lastKnownFileType = sourcecode.swift; path = TextTableViewCell.swift; sourceTree = "<group>"; };
		ECBEAD542676F45500144217 /* Ramenology-uikit.app */ = {isa = PBXFileReference; explicitFileType = wrapper.application; includeInIndex = 0; path = "Ramenology-uikit.app"; sourceTree = BUILT_PRODUCTS_DIR; };
		ECBEAD572676F45500144217 /* AppDelegate.swift */ = {isa = PBXFileReference; lastKnownFileType = sourcecode.swift; path = AppDelegate.swift; sourceTree = "<group>"; };
		ECBEAD592676F45500144217 /* SceneDelegate.swift */ = {isa = PBXFileReference; lastKnownFileType = sourcecode.swift; path = SceneDelegate.swift; sourceTree = "<group>"; };
		ECBEAD612676F45500144217 /* Ramenology_uikit.xcdatamodel */ = {isa = PBXFileReference; lastKnownFileType = wrapper.xcdatamodel; path = Ramenology_uikit.xcdatamodel; sourceTree = "<group>"; };
		ECBEAD632676F45C00144217 /* Assets.xcassets */ = {isa = PBXFileReference; lastKnownFileType = folder.assetcatalog; path = Assets.xcassets; sourceTree = "<group>"; };
		ECBEAD662676F45C00144217 /* Base */ = {isa = PBXFileReference; lastKnownFileType = file.storyboard; name = Base; path = Base.lproj/LaunchScreen.storyboard; sourceTree = "<group>"; };
		ECBEAD682676F45C00144217 /* Info.plist */ = {isa = PBXFileReference; lastKnownFileType = text.plist.xml; path = Info.plist; sourceTree = "<group>"; };
		ECBEAD782676FC1500144217 /* RamenDetailViewController.swift */ = {isa = PBXFileReference; lastKnownFileType = sourcecode.swift; path = RamenDetailViewController.swift; sourceTree = "<group>"; };
		ECBEAD8E2678566D00144217 /* ImageTableViewCell.swift */ = {isa = PBXFileReference; lastKnownFileType = sourcecode.swift; path = ImageTableViewCell.swift; sourceTree = "<group>"; };
		ECBEAD8F2678566E00144217 /* ImageTableViewCell.xib */ = {isa = PBXFileReference; lastKnownFileType = file.xib; path = ImageTableViewCell.xib; sourceTree = "<group>"; };
		ECBEAD9726786E3C00144217 /* Extension+UIView.swift */ = {isa = PBXFileReference; lastKnownFileType = sourcecode.swift; path = "Extension+UIView.swift"; sourceTree = "<group>"; };
		ECBEADAD2678EB9200144217 /* EmptyStateTableViewCell.swift */ = {isa = PBXFileReference; lastKnownFileType = sourcecode.swift; path = EmptyStateTableViewCell.swift; sourceTree = "<group>"; };
		ECBEADAE2678EB9200144217 /* EmptyStateTableViewCell.xib */ = {isa = PBXFileReference; lastKnownFileType = file.xib; path = EmptyStateTableViewCell.xib; sourceTree = "<group>"; };
		ECBEADF22679128C00144217 /* RamenDetailView.storyboard */ = {isa = PBXFileReference; fileEncoding = 4; lastKnownFileType = file.storyboard; path = RamenDetailView.storyboard; sourceTree = "<group>"; };
		ECBEADF5267912AE00144217 /* Start.storyboard */ = {isa = PBXFileReference; fileEncoding = 4; lastKnownFileType = file.storyboard; path = Start.storyboard; sourceTree = "<group>"; };
		ECBEAE00267A48AD00144217 /* FeedbackDetailView.storyboard */ = {isa = PBXFileReference; lastKnownFileType = file.storyboard; path = FeedbackDetailView.storyboard; sourceTree = "<group>"; };
		ECBEAE03267A48DA00144217 /* FeedbackDetailViewController.swift */ = {isa = PBXFileReference; lastKnownFileType = sourcecode.swift; path = FeedbackDetailViewController.swift; sourceTree = "<group>"; };
		ECBEAE06267A4DD300144217 /* FeedbackDetailTableViewCell.swift */ = {isa = PBXFileReference; lastKnownFileType = sourcecode.swift; path = FeedbackDetailTableViewCell.swift; sourceTree = "<group>"; };
		ECBEAE07267A4DD300144217 /* FeedbackDetailTableViewCell.xib */ = {isa = PBXFileReference; lastKnownFileType = file.xib; path = FeedbackDetailTableViewCell.xib; sourceTree = "<group>"; };
		F95CB1F626803FE80065B523 /* categoryPickerCell.swift */ = {isa = PBXFileReference; lastKnownFileType = sourcecode.swift; path = categoryPickerCell.swift; sourceTree = "<group>"; };
		F95CB1F8268040360065B523 /* servingPickerCell.swift */ = {isa = PBXFileReference; lastKnownFileType = sourcecode.swift; path = servingPickerCell.swift; sourceTree = "<group>"; };
		F95CB1FA2680407B0065B523 /* detailCell.swift */ = {isa = PBXFileReference; lastKnownFileType = sourcecode.swift; path = detailCell.swift; sourceTree = "<group>"; };
		F95CB1FD268040D80065B523 /* ingProcTable.swift */ = {isa = PBXFileReference; lastKnownFileType = sourcecode.swift; path = ingProcTable.swift; sourceTree = "<group>"; };
		F95CB1FF268041030065B523 /* cookingPickerCell.swift */ = {isa = PBXFileReference; lastKnownFileType = sourcecode.swift; path = cookingPickerCell.swift; sourceTree = "<group>"; };
		F9EB70B1267DA934001D252F /* AddRecipeView.storyboard */ = {isa = PBXFileReference; lastKnownFileType = file.storyboard; path = AddRecipeView.storyboard; sourceTree = "<group>"; };
		F9EB70B3267DC83E001D252F /* AddRecipeViewController.swift */ = {isa = PBXFileReference; lastKnownFileType = sourcecode.swift; path = AddRecipeViewController.swift; sourceTree = "<group>"; };
/* End PBXFileReference section */

/* Begin PBXFrameworksBuildPhase section */
		ECBEAD512676F45500144217 /* Frameworks */ = {
			isa = PBXFrameworksBuildPhase;
			buildActionMask = 2147483647;
			files = (
			);
			runOnlyForDeploymentPostprocessing = 0;
		};
/* End PBXFrameworksBuildPhase section */

/* Begin PBXGroup section */
		C6406C5826785916004CDD65 /* Fonts */ = {
			isa = PBXGroup;
			children = (
				C6406C592678596E004CDD65 /* Merriweather-Regular.ttf */,
			);
			path = Fonts;
			sourceTree = "<group>";
		};
		C6F7D7BF2676F9F400AF0DE2 /* Views */ = {
			isa = PBXGroup;
			children = (
				F9EB70B0267DA904001D252F /* AddRecipe */,
				C6FDA51C267DA6C1006C377A /* InputFeedback */,
				C6FDA51B267DA68C006C377A /* FeedbackDetail */,
				C6FDA51A267DA664006C377A /* RamenDetail */,
				C6FDA519267DA644006C377A /* Start */,
			);
			path = Views;
			sourceTree = "<group>";
		};
		C6F7D7C22676FA1200AF0DE2 /* Controllers */ = {
			isa = PBXGroup;
			children = (
				C6F7D7C42676FD9600AF0DE2 /* StartController.swift */,
				ECBEAD782676FC1500144217 /* RamenDetailViewController.swift */,
				ECBEAE03267A48DA00144217 /* FeedbackDetailViewController.swift */,
				EC413AAF267AF238001FCC94 /* InputFeedbackViewController.swift */,
				F9EB70B3267DC83E001D252F /* AddRecipeViewController.swift */,
			);
			path = Controllers;
			sourceTree = "<group>";
		};
		C6F7D7C32676FA1900AF0DE2 /* Models */ = {
			isa = PBXGroup;
			children = (
				C6406C5626784AE5004CDD65 /* Ramen.swift */,
				C6406C652678F1ED004CDD65 /* Tag.swift */,
				C652A670267DCB1800857884 /* Feedback.swift */,
				C652A672267DCB3600857884 /* Ingredient.swift */,
				C652A675267DCB5C00857884 /* Process.swift */,
			);
			path = Models;
			sourceTree = "<group>";
		};
		C6F7D7C6267712FC00AF0DE2 /* Extensions */ = {
			isa = PBXGroup;
			children = (
				C6F7D7C72677131200AF0DE2 /* UIView+Extended.swift */,
				ECBEAD9726786E3C00144217 /* Extension+UIView.swift */,
				C6406C5D267881DE004CDD65 /* UIColor+Style.swift */,
			);
			path = Extensions;
			sourceTree = "<group>";
		};
		C6FDA519267DA644006C377A /* Start */ = {
			isa = PBXGroup;
			children = (
				ECBEADF5267912AE00144217 /* Start.storyboard */,
				C638A6F4267848D2009386B0 /* CardViewCell.swift */,
				C6406C632678B1F1004CDD65 /* TagsCollectionViewCell.swift */,
			);
			path = Start;
			sourceTree = "<group>";
		};
		C6FDA51A267DA664006C377A /* RamenDetail */ = {
			isa = PBXGroup;
			children = (
				ECBEADF22679128C00144217 /* RamenDetailView.storyboard */,
				ECBEAD8E2678566D00144217 /* ImageTableViewCell.swift */,
				ECBEAD8F2678566E00144217 /* ImageTableViewCell.xib */,
				ECBEADAD2678EB9200144217 /* EmptyStateTableViewCell.swift */,
				ECBEADAE2678EB9200144217 /* EmptyStateTableViewCell.xib */,
			);
			path = RamenDetail;
			sourceTree = "<group>";
		};
		C6FDA51B267DA68C006C377A /* FeedbackDetail */ = {
			isa = PBXGroup;
			children = (
				ECBEAE00267A48AD00144217 /* FeedbackDetailView.storyboard */,
				ECBEAE06267A4DD300144217 /* FeedbackDetailTableViewCell.swift */,
				ECBEAE07267A4DD300144217 /* FeedbackDetailTableViewCell.xib */,
			);
			path = FeedbackDetail;
			sourceTree = "<group>";
		};
		C6FDA51C267DA6C1006C377A /* InputFeedback */ = {
			isa = PBXGroup;
			children = (
				EC413AAC267AF200001FCC94 /* InputFeedbackView.storyboard */,
				EC413AA1267AEA5C001FCC94 /* InputFeedbackTableViewCell.swift */,
				EC413AA2267AEA5C001FCC94 /* InputFeedbackTableViewCell.xib */,
				EC5A0F1E267BA27E00DD8FB7 /* FeedbackCollectionViewCell.swift */,
				EC5A0F1F267BA27E00DD8FB7 /* FeedbackCollectionViewCell.xib */,
				EC78203B267C4D0F00960C42 /* SubmitButtonTableViewCell.swift */,
				EC78203C267C4D0F00960C42 /* SubmitButtonTableViewCell.xib */,
				ECACE62B2680A8A500D33B8E /* TextTableViewCell.swift */,
				ECACE62A2680A8A500D33B8E /* TextTableViewCell.xib */,
			);
			path = InputFeedback;
			sourceTree = "<group>";
		};
		ECBEAD4B2676F45500144217 = {
			isa = PBXGroup;
			children = (
				ECBEAD562676F45500144217 /* Ramenology-uikit */,
				ECBEAD552676F45500144217 /* Products */,
			);
			sourceTree = "<group>";
		};
		ECBEAD552676F45500144217 /* Products */ = {
			isa = PBXGroup;
			children = (
				ECBEAD542676F45500144217 /* Ramenology-uikit.app */,
			);
			name = Products;
			sourceTree = "<group>";
		};
		ECBEAD562676F45500144217 /* Ramenology-uikit */ = {
			isa = PBXGroup;
			children = (
				C6406C5826785916004CDD65 /* Fonts */,
				C6F7D7C6267712FC00AF0DE2 /* Extensions */,
				C6F7D7C32676FA1900AF0DE2 /* Models */,
				C6F7D7C22676FA1200AF0DE2 /* Controllers */,
				C6F7D7BF2676F9F400AF0DE2 /* Views */,
				ECBEAD572676F45500144217 /* AppDelegate.swift */,
				ECBEAD592676F45500144217 /* SceneDelegate.swift */,
				ECBEAD632676F45C00144217 /* Assets.xcassets */,
				ECBEAD652676F45C00144217 /* LaunchScreen.storyboard */,
				ECBEAD682676F45C00144217 /* Info.plist */,
				ECBEAD602676F45500144217 /* Ramenology_uikit.xcdatamodeld */,
			);
			path = "Ramenology-uikit";
			sourceTree = "<group>";
		};
		F9EB70B0267DA904001D252F /* AddRecipe */ = {
			isa = PBXGroup;
			children = (
				F9EB70B1267DA934001D252F /* AddRecipeView.storyboard */,
				F95CB1F626803FE80065B523 /* categoryPickerCell.swift */,
				F95CB1F8268040360065B523 /* servingPickerCell.swift */,
				F95CB1FA2680407B0065B523 /* detailCell.swift */,
				F95CB1FD268040D80065B523 /* ingProcTable.swift */,
				F95CB1FF268041030065B523 /* cookingPickerCell.swift */,
			);
			path = AddRecipe;
			sourceTree = "<group>";
		};
/* End PBXGroup section */

/* Begin PBXNativeTarget section */
		ECBEAD532676F45500144217 /* Ramenology-uikit */ = {
			isa = PBXNativeTarget;
			buildConfigurationList = ECBEAD6B2676F45C00144217 /* Build configuration list for PBXNativeTarget "Ramenology-uikit" */;
			buildPhases = (
				ECBEAD502676F45500144217 /* Sources */,
				ECBEAD512676F45500144217 /* Frameworks */,
				ECBEAD522676F45500144217 /* Resources */,
			);
			buildRules = (
			);
			dependencies = (
			);
			name = "Ramenology-uikit";
			productName = "Ramenology-uikit";
			productReference = ECBEAD542676F45500144217 /* Ramenology-uikit.app */;
			productType = "com.apple.product-type.application";
		};
/* End PBXNativeTarget section */

/* Begin PBXProject section */
		ECBEAD4C2676F45500144217 /* Project object */ = {
			isa = PBXProject;
			attributes = {
				LastSwiftUpdateCheck = 1240;
				LastUpgradeCheck = 1240;
				TargetAttributes = {
					ECBEAD532676F45500144217 = {
						CreatedOnToolsVersion = 12.4;
					};
				};
			};
			buildConfigurationList = ECBEAD4F2676F45500144217 /* Build configuration list for PBXProject "Ramenology-uikit" */;
			compatibilityVersion = "Xcode 9.3";
			developmentRegion = en;
			hasScannedForEncodings = 0;
			knownRegions = (
				en,
				Base,
			);
			mainGroup = ECBEAD4B2676F45500144217;
			productRefGroup = ECBEAD552676F45500144217 /* Products */;
			projectDirPath = "";
			projectRoot = "";
			targets = (
				ECBEAD532676F45500144217 /* Ramenology-uikit */,
			);
		};
/* End PBXProject section */

/* Begin PBXResourcesBuildPhase section */
		ECBEAD522676F45500144217 /* Resources */ = {
			isa = PBXResourcesBuildPhase;
			buildActionMask = 2147483647;
			files = (
				ECBEADF32679128C00144217 /* RamenDetailView.storyboard in Resources */,
				ECBEAD672676F45C00144217 /* LaunchScreen.storyboard in Resources */,
				ECBEAE01267A48AD00144217 /* FeedbackDetailView.storyboard in Resources */,
				EC413AAD267AF200001FCC94 /* InputFeedbackView.storyboard in Resources */,
				EC413AA4267AEA5C001FCC94 /* InputFeedbackTableViewCell.xib in Resources */,
				ECBEAD642676F45C00144217 /* Assets.xcassets in Resources */,
				ECBEAD912678566E00144217 /* ImageTableViewCell.xib in Resources */,
				ECBEADF6267912AE00144217 /* Start.storyboard in Resources */,
				C6406C5A2678596E004CDD65 /* Merriweather-Regular.ttf in Resources */,
				F9EB70B2267DA934001D252F /* AddRecipeView.storyboard in Resources */,
				ECBEADB02678EB9200144217 /* EmptyStateTableViewCell.xib in Resources */,
				ECACE62C2680A8A500D33B8E /* TextTableViewCell.xib in Resources */,
				EC78203E267C4D0F00960C42 /* SubmitButtonTableViewCell.xib in Resources */,
				EC5A0F21267BA27E00DD8FB7 /* FeedbackCollectionViewCell.xib in Resources */,
				ECBEAE09267A4DD300144217 /* FeedbackDetailTableViewCell.xib in Resources */,
			);
			runOnlyForDeploymentPostprocessing = 0;
		};
/* End PBXResourcesBuildPhase section */

/* Begin PBXSourcesBuildPhase section */
		ECBEAD502676F45500144217 /* Sources */ = {
			isa = PBXSourcesBuildPhase;
			buildActionMask = 2147483647;
			files = (
				C6406C642678B1F1004CDD65 /* TagsCollectionViewCell.swift in Sources */,
				C6406C5E267881DE004CDD65 /* UIColor+Style.swift in Sources */,
				C6F7D7C52676FD9600AF0DE2 /* StartController.swift in Sources */,
				F95CB1FE268040D80065B523 /* ingProcTable.swift in Sources */,
				ECBEAD902678566E00144217 /* ImageTableViewCell.swift in Sources */,
				ECACE62D2680A8A500D33B8E /* TextTableViewCell.swift in Sources */,
				C652A673267DCB3600857884 /* Ingredient.swift in Sources */,
				C652A671267DCB1800857884 /* Feedback.swift in Sources */,
				ECBEAE08267A4DD300144217 /* FeedbackDetailTableViewCell.swift in Sources */,
				EC78203D267C4D0F00960C42 /* SubmitButtonTableViewCell.swift in Sources */,
				ECBEAD582676F45500144217 /* AppDelegate.swift in Sources */,
				ECBEAE04267A48DA00144217 /* FeedbackDetailViewController.swift in Sources */,
				ECBEADAF2678EB9200144217 /* EmptyStateTableViewCell.swift in Sources */,
				F95CB1F726803FE80065B523 /* categoryPickerCell.swift in Sources */,
				EC413AA3267AEA5C001FCC94 /* InputFeedbackTableViewCell.swift in Sources */,
				ECBEAD792676FC1500144217 /* RamenDetailViewController.swift in Sources */,
				EC5A0F20267BA27E00DD8FB7 /* FeedbackCollectionViewCell.swift in Sources */,
				F95CB1F9268040360065B523 /* servingPickerCell.swift in Sources */,
				F95CB1FB2680407B0065B523 /* detailCell.swift in Sources */,
				ECBEAD5A2676F45500144217 /* SceneDelegate.swift in Sources */,
				C6406C662678F1ED004CDD65 /* Tag.swift in Sources */,
				ECBEAD622676F45500144217 /* Ramenology_uikit.xcdatamodeld in Sources */,
				C6F7D7C82677131200AF0DE2 /* UIView+Extended.swift in Sources */,
				EC413AB0267AF238001FCC94 /* InputFeedbackViewController.swift in Sources */,
				F95CB200268041030065B523 /* cookingPickerCell.swift in Sources */,
				C638A6F5267848D2009386B0 /* CardViewCell.swift in Sources */,
				F9EB70B4267DC83E001D252F /* AddRecipeViewController.swift in Sources */,
				C6406C5726784AE5004CDD65 /* Ramen.swift in Sources */,
				ECBEAD9826786E3C00144217 /* Extension+UIView.swift in Sources */,
				C652A676267DCB5C00857884 /* Process.swift in Sources */,
			);
			runOnlyForDeploymentPostprocessing = 0;
		};
/* End PBXSourcesBuildPhase section */

/* Begin PBXVariantGroup section */
		ECBEAD652676F45C00144217 /* LaunchScreen.storyboard */ = {
			isa = PBXVariantGroup;
			children = (
				ECBEAD662676F45C00144217 /* Base */,
			);
			name = LaunchScreen.storyboard;
			sourceTree = "<group>";
		};
/* End PBXVariantGroup section */

/* Begin XCBuildConfiguration section */
		ECBEAD692676F45C00144217 /* Debug */ = {
			isa = XCBuildConfiguration;
			buildSettings = {
				ALWAYS_SEARCH_USER_PATHS = NO;
				CLANG_ANALYZER_NONNULL = YES;
				CLANG_ANALYZER_NUMBER_OBJECT_CONVERSION = YES_AGGRESSIVE;
				CLANG_CXX_LANGUAGE_STANDARD = "gnu++14";
				CLANG_CXX_LIBRARY = "libc++";
				CLANG_ENABLE_MODULES = YES;
				CLANG_ENABLE_OBJC_ARC = YES;
				CLANG_ENABLE_OBJC_WEAK = YES;
				CLANG_WARN_BLOCK_CAPTURE_AUTORELEASING = YES;
				CLANG_WARN_BOOL_CONVERSION = YES;
				CLANG_WARN_COMMA = YES;
				CLANG_WARN_CONSTANT_CONVERSION = YES;
				CLANG_WARN_DEPRECATED_OBJC_IMPLEMENTATIONS = YES;
				CLANG_WARN_DIRECT_OBJC_ISA_USAGE = YES_ERROR;
				CLANG_WARN_DOCUMENTATION_COMMENTS = YES;
				CLANG_WARN_EMPTY_BODY = YES;
				CLANG_WARN_ENUM_CONVERSION = YES;
				CLANG_WARN_INFINITE_RECURSION = YES;
				CLANG_WARN_INT_CONVERSION = YES;
				CLANG_WARN_NON_LITERAL_NULL_CONVERSION = YES;
				CLANG_WARN_OBJC_IMPLICIT_RETAIN_SELF = YES;
				CLANG_WARN_OBJC_LITERAL_CONVERSION = YES;
				CLANG_WARN_OBJC_ROOT_CLASS = YES_ERROR;
				CLANG_WARN_QUOTED_INCLUDE_IN_FRAMEWORK_HEADER = YES;
				CLANG_WARN_RANGE_LOOP_ANALYSIS = YES;
				CLANG_WARN_STRICT_PROTOTYPES = YES;
				CLANG_WARN_SUSPICIOUS_MOVE = YES;
				CLANG_WARN_UNGUARDED_AVAILABILITY = YES_AGGRESSIVE;
				CLANG_WARN_UNREACHABLE_CODE = YES;
				CLANG_WARN__DUPLICATE_METHOD_MATCH = YES;
				COPY_PHASE_STRIP = NO;
				DEBUG_INFORMATION_FORMAT = dwarf;
				ENABLE_STRICT_OBJC_MSGSEND = YES;
				ENABLE_TESTABILITY = YES;
				GCC_C_LANGUAGE_STANDARD = gnu11;
				GCC_DYNAMIC_NO_PIC = NO;
				GCC_NO_COMMON_BLOCKS = YES;
				GCC_OPTIMIZATION_LEVEL = 0;
				GCC_PREPROCESSOR_DEFINITIONS = (
					"DEBUG=1",
					"$(inherited)",
				);
				GCC_WARN_64_TO_32_BIT_CONVERSION = YES;
				GCC_WARN_ABOUT_RETURN_TYPE = YES_ERROR;
				GCC_WARN_UNDECLARED_SELECTOR = YES;
				GCC_WARN_UNINITIALIZED_AUTOS = YES_AGGRESSIVE;
				GCC_WARN_UNUSED_FUNCTION = YES;
				GCC_WARN_UNUSED_VARIABLE = YES;
				IPHONEOS_DEPLOYMENT_TARGET = 14.4;
				MTL_ENABLE_DEBUG_INFO = INCLUDE_SOURCE;
				MTL_FAST_MATH = YES;
				ONLY_ACTIVE_ARCH = YES;
				SDKROOT = iphoneos;
				SWIFT_ACTIVE_COMPILATION_CONDITIONS = DEBUG;
				SWIFT_OPTIMIZATION_LEVEL = "-Onone";
			};
			name = Debug;
		};
		ECBEAD6A2676F45C00144217 /* Release */ = {
			isa = XCBuildConfiguration;
			buildSettings = {
				ALWAYS_SEARCH_USER_PATHS = NO;
				CLANG_ANALYZER_NONNULL = YES;
				CLANG_ANALYZER_NUMBER_OBJECT_CONVERSION = YES_AGGRESSIVE;
				CLANG_CXX_LANGUAGE_STANDARD = "gnu++14";
				CLANG_CXX_LIBRARY = "libc++";
				CLANG_ENABLE_MODULES = YES;
				CLANG_ENABLE_OBJC_ARC = YES;
				CLANG_ENABLE_OBJC_WEAK = YES;
				CLANG_WARN_BLOCK_CAPTURE_AUTORELEASING = YES;
				CLANG_WARN_BOOL_CONVERSION = YES;
				CLANG_WARN_COMMA = YES;
				CLANG_WARN_CONSTANT_CONVERSION = YES;
				CLANG_WARN_DEPRECATED_OBJC_IMPLEMENTATIONS = YES;
				CLANG_WARN_DIRECT_OBJC_ISA_USAGE = YES_ERROR;
				CLANG_WARN_DOCUMENTATION_COMMENTS = YES;
				CLANG_WARN_EMPTY_BODY = YES;
				CLANG_WARN_ENUM_CONVERSION = YES;
				CLANG_WARN_INFINITE_RECURSION = YES;
				CLANG_WARN_INT_CONVERSION = YES;
				CLANG_WARN_NON_LITERAL_NULL_CONVERSION = YES;
				CLANG_WARN_OBJC_IMPLICIT_RETAIN_SELF = YES;
				CLANG_WARN_OBJC_LITERAL_CONVERSION = YES;
				CLANG_WARN_OBJC_ROOT_CLASS = YES_ERROR;
				CLANG_WARN_QUOTED_INCLUDE_IN_FRAMEWORK_HEADER = YES;
				CLANG_WARN_RANGE_LOOP_ANALYSIS = YES;
				CLANG_WARN_STRICT_PROTOTYPES = YES;
				CLANG_WARN_SUSPICIOUS_MOVE = YES;
				CLANG_WARN_UNGUARDED_AVAILABILITY = YES_AGGRESSIVE;
				CLANG_WARN_UNREACHABLE_CODE = YES;
				CLANG_WARN__DUPLICATE_METHOD_MATCH = YES;
				COPY_PHASE_STRIP = NO;
				DEBUG_INFORMATION_FORMAT = "dwarf-with-dsym";
				ENABLE_NS_ASSERTIONS = NO;
				ENABLE_STRICT_OBJC_MSGSEND = YES;
				GCC_C_LANGUAGE_STANDARD = gnu11;
				GCC_NO_COMMON_BLOCKS = YES;
				GCC_WARN_64_TO_32_BIT_CONVERSION = YES;
				GCC_WARN_ABOUT_RETURN_TYPE = YES_ERROR;
				GCC_WARN_UNDECLARED_SELECTOR = YES;
				GCC_WARN_UNINITIALIZED_AUTOS = YES_AGGRESSIVE;
				GCC_WARN_UNUSED_FUNCTION = YES;
				GCC_WARN_UNUSED_VARIABLE = YES;
				IPHONEOS_DEPLOYMENT_TARGET = 14.4;
				MTL_ENABLE_DEBUG_INFO = NO;
				MTL_FAST_MATH = YES;
				SDKROOT = iphoneos;
				SWIFT_COMPILATION_MODE = wholemodule;
				SWIFT_OPTIMIZATION_LEVEL = "-O";
				VALIDATE_PRODUCT = YES;
			};
			name = Release;
		};
		ECBEAD6C2676F45C00144217 /* Debug */ = {
			isa = XCBuildConfiguration;
			buildSettings = {
				ASSETCATALOG_COMPILER_APPICON_NAME = AppIcon;
				ASSETCATALOG_COMPILER_GLOBAL_ACCENT_COLOR_NAME = AccentColor;
				CODE_SIGN_STYLE = Automatic;
				INFOPLIST_FILE = "Ramenology-uikit/Info.plist";
				LD_RUNPATH_SEARCH_PATHS = (
					"$(inherited)",
					"@executable_path/Frameworks",
				);
				PRODUCT_BUNDLE_IDENTIFIER = "qoala.Ramenology-uikit";
				PRODUCT_NAME = "$(TARGET_NAME)";
				SWIFT_VERSION = 5.0;
				TARGETED_DEVICE_FAMILY = "1,2";
			};
			name = Debug;
		};
		ECBEAD6D2676F45C00144217 /* Release */ = {
			isa = XCBuildConfiguration;
			buildSettings = {
				ASSETCATALOG_COMPILER_APPICON_NAME = AppIcon;
				ASSETCATALOG_COMPILER_GLOBAL_ACCENT_COLOR_NAME = AccentColor;
				CODE_SIGN_STYLE = Automatic;
				INFOPLIST_FILE = "Ramenology-uikit/Info.plist";
				LD_RUNPATH_SEARCH_PATHS = (
					"$(inherited)",
					"@executable_path/Frameworks",
				);
				PRODUCT_BUNDLE_IDENTIFIER = "qoala.Ramenology-uikit";
				PRODUCT_NAME = "$(TARGET_NAME)";
				SWIFT_VERSION = 5.0;
				TARGETED_DEVICE_FAMILY = "1,2";
			};
			name = Release;
		};
/* End XCBuildConfiguration section */

/* Begin XCConfigurationList section */
		ECBEAD4F2676F45500144217 /* Build configuration list for PBXProject "Ramenology-uikit" */ = {
			isa = XCConfigurationList;
			buildConfigurations = (
				ECBEAD692676F45C00144217 /* Debug */,
				ECBEAD6A2676F45C00144217 /* Release */,
			);
			defaultConfigurationIsVisible = 0;
			defaultConfigurationName = Release;
		};
		ECBEAD6B2676F45C00144217 /* Build configuration list for PBXNativeTarget "Ramenology-uikit" */ = {
			isa = XCConfigurationList;
			buildConfigurations = (
				ECBEAD6C2676F45C00144217 /* Debug */,
				ECBEAD6D2676F45C00144217 /* Release */,
			);
			defaultConfigurationIsVisible = 0;
			defaultConfigurationName = Release;
		};
/* End XCConfigurationList section */

/* Begin XCVersionGroup section */
		ECBEAD602676F45500144217 /* Ramenology_uikit.xcdatamodeld */ = {
			isa = XCVersionGroup;
			children = (
				ECBEAD612676F45500144217 /* Ramenology_uikit.xcdatamodel */,
			);
			currentVersion = ECBEAD612676F45500144217 /* Ramenology_uikit.xcdatamodel */;
			path = Ramenology_uikit.xcdatamodeld;
			sourceTree = "<group>";
			versionGroupType = wrapper.xcdatamodel;
		};
/* End XCVersionGroup section */
	};
	rootObject = ECBEAD4C2676F45500144217 /* Project object */;
}
