// !$*UTF8*$!
{
	archiveVersion = 1;
	classes = {
	};
	objectVersion = 50;
	objects = {

/* Begin PBXBuildFile section */
		ECBEAD582676F45500144217 /* AppDelegate.swift in Sources */ = {isa = PBXBuildFile; fileRef = ECBEAD572676F45500144217 /* AppDelegate.swift */; };
		ECBEAD5A2676F45500144217 /* SceneDelegate.swift in Sources */ = {isa = PBXBuildFile; fileRef = ECBEAD592676F45500144217 /* SceneDelegate.swift */; };
		ECBEAD5C2676F45500144217 /* ViewController.swift in Sources */ = {isa = PBXBuildFile; fileRef = ECBEAD5B2676F45500144217 /* ViewController.swift */; };
		ECBEAD5F2676F45500144217 /* Main.storyboard in Resources */ = {isa = PBXBuildFile; fileRef = ECBEAD5D2676F45500144217 /* Main.storyboard */; };
		ECBEAD622676F45500144217 /* Ramenology_uikit.xcdatamodeld in Sources */ = {isa = PBXBuildFile; fileRef = ECBEAD602676F45500144217 /* Ramenology_uikit.xcdatamodeld */; };
		ECBEAD642676F45C00144217 /* Assets.xcassets in Resources */ = {isa = PBXBuildFile; fileRef = ECBEAD632676F45C00144217 /* Assets.xcassets */; };
		ECBEAD672676F45C00144217 /* LaunchScreen.storyboard in Resources */ = {isa = PBXBuildFile; fileRef = ECBEAD652676F45C00144217 /* LaunchScreen.storyboard */; };
/* End PBXBuildFile section */

/* Begin PBXFileReference section */
		ECBEAD542676F45500144217 /* Ramenology-uikit.app */ = {isa = PBXFileReference; explicitFileType = wrapper.application; includeInIndex = 0; path = "Ramenology-uikit.app"; sourceTree = BUILT_PRODUCTS_DIR; };
		ECBEAD572676F45500144217 /* AppDelegate.swift */ = {isa = PBXFileReference; lastKnownFileType = sourcecode.swift; path = AppDelegate.swift; sourceTree = "<group>"; };
		ECBEAD592676F45500144217 /* SceneDelegate.swift */ = {isa = PBXFileReference; lastKnownFileType = sourcecode.swift; path = SceneDelegate.swift; sourceTree = "<group>"; };
		ECBEAD5B2676F45500144217 /* ViewController.swift */ = {isa = PBXFileReference; lastKnownFileType = sourcecode.swift; path = ViewController.swift; sourceTree = "<group>"; };
		ECBEAD5E2676F45500144217 /* Base */ = {isa = PBXFileReference; lastKnownFileType = file.storyboard; name = Base; path = Base.lproj/Main.storyboard; sourceTree = "<group>"; };
		ECBEAD612676F45500144217 /* Ramenology_uikit.xcdatamodel */ = {isa = PBXFileReference; lastKnownFileType = wrapper.xcdatamodel; path = Ramenology_uikit.xcdatamodel; sourceTree = "<group>"; };
		ECBEAD632676F45C00144217 /* Assets.xcassets */ = {isa = PBXFileReference; lastKnownFileType = folder.assetcatalog; path = Assets.xcassets; sourceTree = "<group>"; };
		ECBEAD662676F45C00144217 /* Base */ = {isa = PBXFileReference; lastKnownFileType = file.storyboard; name = Base; path = Base.lproj/LaunchScreen.storyboard; sourceTree = "<group>"; };
		ECBEAD682676F45C00144217 /* Info.plist */ = {isa = PBXFileReference; lastKnownFileType = text.plist.xml; path = Info.plist; sourceTree = "<group>"; };
/* End PBXFileReference section */

/* Begin PBXFrameworksBuildPhase section */
		ECBEAD512676F45500144217 /* Frameworks */ = {
			isa = PBXFrameworksBuildPhase;
			buildActionMask = 2147483647;
			files = (
			);
			runOnlyForDeploymentPostprocessing = 0;
		};
/* End PBXFrameworksBuildPhase section */

/* Begin PBXGroup section */
		ECBEAD4B2676F45500144217 = {
			isa = PBXGroup;
			children = (
				ECBEAD562676F45500144217 /* Ramenology-uikit */,
				ECBEAD552676F45500144217 /* Products */,
			);
			sourceTree = "<group>";
		};
		ECBEAD552676F45500144217 /* Products */ = {
			isa = PBXGroup;
			children = (
				ECBEAD542676F45500144217 /* Ramenology-uikit.app */,
			);
			name = Products;
			sourceTree = "<group>";
		};
		ECBEAD562676F45500144217 /* Ramenology-uikit */ = {
			isa = PBXGroup;
			children = (
				ECBEAD722676F47300144217 /* Controller */,
				ECBEAD712676F46E00144217 /* View */,
				ECBEAD6F2676F46700144217 /* Model */,
				ECBEAD572676F45500144217 /* AppDelegate.swift */,
				ECBEAD592676F45500144217 /* SceneDelegate.swift */,
				ECBEAD5B2676F45500144217 /* ViewController.swift */,
				ECBEAD5D2676F45500144217 /* Main.storyboard */,
				ECBEAD632676F45C00144217 /* Assets.xcassets */,
				ECBEAD652676F45C00144217 /* LaunchScreen.storyboard */,
				ECBEAD682676F45C00144217 /* Info.plist */,
				ECBEAD602676F45500144217 /* Ramenology_uikit.xcdatamodeld */,
			);
			path = "Ramenology-uikit";
			sourceTree = "<group>";
		};
		ECBEAD6F2676F46700144217 /* Model */ = {
			isa = PBXGroup;
			children = (
			);
			path = Model;
			sourceTree = "<group>";
		};
		ECBEAD712676F46E00144217 /* View */ = {
			isa = PBXGroup;
			children = (
			);
			path = View;
			sourceTree = "<group>";
		};
		ECBEAD722676F47300144217 /* Controller */ = {
			isa = PBXGroup;
			children = (
			);
			path = Controller;
			sourceTree = "<group>";
		};
/* End PBXGroup section */

/* Begin PBXNativeTarget section */
		ECBEAD532676F45500144217 /* Ramenology-uikit */ = {
			isa = PBXNativeTarget;
			buildConfigurationList = ECBEAD6B2676F45C00144217 /* Build configuration list for PBXNativeTarget "Ramenology-uikit" */;
			buildPhases = (
				ECBEAD502676F45500144217 /* Sources */,
				ECBEAD512676F45500144217 /* Frameworks */,
				ECBEAD522676F45500144217 /* Resources */,
			);
			buildRules = (
			);
			dependencies = (
			);
			name = "Ramenology-uikit";
			productName = "Ramenology-uikit";
			productReference = ECBEAD542676F45500144217 /* Ramenology-uikit.app */;
			productType = "com.apple.product-type.application";
		};
/* End PBXNativeTarget section */

/* Begin PBXProject section */
		ECBEAD4C2676F45500144217 /* Project object */ = {
			isa = PBXProject;
			attributes = {
				LastSwiftUpdateCheck = 1240;
				LastUpgradeCheck = 1240;
				TargetAttributes = {
					ECBEAD532676F45500144217 = {
						CreatedOnToolsVersion = 12.4;
					};
				};
			};
			buildConfigurationList = ECBEAD4F2676F45500144217 /* Build configuration list for PBXProject "Ramenology-uikit" */;
			compatibilityVersion = "Xcode 9.3";
			developmentRegion = en;
			hasScannedForEncodings = 0;
			knownRegions = (
				en,
				Base,
			);
			mainGroup = ECBEAD4B2676F45500144217;
			productRefGroup = ECBEAD552676F45500144217 /* Products */;
			projectDirPath = "";
			projectRoot = "";
			targets = (
				ECBEAD532676F45500144217 /* Ramenology-uikit */,
			);
		};
/* End PBXProject section */

/* Begin PBXResourcesBuildPhase section */
		ECBEAD522676F45500144217 /* Resources */ = {
			isa = PBXResourcesBuildPhase;
			buildActionMask = 2147483647;
			files = (
				ECBEAD672676F45C00144217 /* LaunchScreen.storyboard in Resources */,
				ECBEAD642676F45C00144217 /* Assets.xcassets in Resources */,
				ECBEAD5F2676F45500144217 /* Main.storyboard in Resources */,
			);
			runOnlyForDeploymentPostprocessing = 0;
		};
/* End PBXResourcesBuildPhase section */

/* Begin PBXSourcesBuildPhase section */
		ECBEAD502676F45500144217 /* Sources */ = {
			isa = PBXSourcesBuildPhase;
			buildActionMask = 2147483647;
			files = (
				ECBEAD5C2676F45500144217 /* ViewController.swift in Sources */,
				ECBEAD582676F45500144217 /* AppDelegate.swift in Sources */,
				ECBEAD5A2676F45500144217 /* SceneDelegate.swift in Sources */,
				ECBEAD622676F45500144217 /* Ramenology_uikit.xcdatamodeld in Sources */,
			);
			runOnlyForDeploymentPostprocessing = 0;
		};
/* End PBXSourcesBuildPhase section */

/* Begin PBXVariantGroup section */
		ECBEAD5D2676F45500144217 /* Main.storyboard */ = {
			isa = PBXVariantGroup;
			children = (
				ECBEAD5E2676F45500144217 /* Base */,
			);
			name = Main.storyboard;
			sourceTree = "<group>";
		};
		ECBEAD652676F45C00144217 /* LaunchScreen.storyboard */ = {
			isa = PBXVariantGroup;
			children = (
				ECBEAD662676F45C00144217 /* Base */,
			);
			name = LaunchScreen.storyboard;
			sourceTree = "<group>";
		};
/* End PBXVariantGroup section */

/* Begin XCBuildConfiguration section */
		ECBEAD692676F45C00144217 /* Debug */ = {
			isa = XCBuildConfiguration;
			buildSettings = {
				ALWAYS_SEARCH_USER_PATHS = NO;
				CLANG_ANALYZER_NONNULL = YES;
				CLANG_ANALYZER_NUMBER_OBJECT_CONVERSION = YES_AGGRESSIVE;
				CLANG_CXX_LANGUAGE_STANDARD = "gnu++14";
				CLANG_CXX_LIBRARY = "libc++";
				CLANG_ENABLE_MODULES = YES;
				CLANG_ENABLE_OBJC_ARC = YES;
				CLANG_ENABLE_OBJC_WEAK = YES;
				CLANG_WARN_BLOCK_CAPTURE_AUTORELEASING = YES;
				CLANG_WARN_BOOL_CONVERSION = YES;
				CLANG_WARN_COMMA = YES;
				CLANG_WARN_CONSTANT_CONVERSION = YES;
				CLANG_WARN_DEPRECATED_OBJC_IMPLEMENTATIONS = YES;
				CLANG_WARN_DIRECT_OBJC_ISA_USAGE = YES_ERROR;
				CLANG_WARN_DOCUMENTATION_COMMENTS = YES;
				CLANG_WARN_EMPTY_BODY = YES;
				CLANG_WARN_ENUM_CONVERSION = YES;
				CLANG_WARN_INFINITE_RECURSION = YES;
				CLANG_WARN_INT_CONVERSION = YES;
				CLANG_WARN_NON_LITERAL_NULL_CONVERSION = YES;
				CLANG_WARN_OBJC_IMPLICIT_RETAIN_SELF = YES;
				CLANG_WARN_OBJC_LITERAL_CONVERSION = YES;
				CLANG_WARN_OBJC_ROOT_CLASS = YES_ERROR;
				CLANG_WARN_QUOTED_INCLUDE_IN_FRAMEWORK_HEADER = YES;
				CLANG_WARN_RANGE_LOOP_ANALYSIS = YES;
				CLANG_WARN_STRICT_PROTOTYPES = YES;
				CLANG_WARN_SUSPICIOUS_MOVE = YES;
				CLANG_WARN_UNGUARDED_AVAILABILITY = YES_AGGRESSIVE;
				CLANG_WARN_UNREACHABLE_CODE = YES;
				CLANG_WARN__DUPLICATE_METHOD_MATCH = YES;
				COPY_PHASE_STRIP = NO;
				DEBUG_INFORMATION_FORMAT = dwarf;
				ENABLE_STRICT_OBJC_MSGSEND = YES;
				ENABLE_TESTABILITY = YES;
				GCC_C_LANGUAGE_STANDARD = gnu11;
				GCC_DYNAMIC_NO_PIC = NO;
				GCC_NO_COMMON_BLOCKS = YES;
				GCC_OPTIMIZATION_LEVEL = 0;
				GCC_PREPROCESSOR_DEFINITIONS = (
					"DEBUG=1",
					"$(inherited)",
				);
				GCC_WARN_64_TO_32_BIT_CONVERSION = YES;
				GCC_WARN_ABOUT_RETURN_TYPE = YES_ERROR;
				GCC_WARN_UNDECLARED_SELECTOR = YES;
				GCC_WARN_UNINITIALIZED_AUTOS = YES_AGGRESSIVE;
				GCC_WARN_UNUSED_FUNCTION = YES;
				GCC_WARN_UNUSED_VARIABLE = YES;
				IPHONEOS_DEPLOYMENT_TARGET = 14.4;
				MTL_ENABLE_DEBUG_INFO = INCLUDE_SOURCE;
				MTL_FAST_MATH = YES;
				ONLY_ACTIVE_ARCH = YES;
				SDKROOT = iphoneos;
				SWIFT_ACTIVE_COMPILATION_CONDITIONS = DEBUG;
				SWIFT_OPTIMIZATION_LEVEL = "-Onone";
			};
			name = Debug;
		};
		ECBEAD6A2676F45C00144217 /* Release */ = {
			isa = XCBuildConfiguration;
			buildSettings = {
				ALWAYS_SEARCH_USER_PATHS = NO;
				CLANG_ANALYZER_NONNULL = YES;
				CLANG_ANALYZER_NUMBER_OBJECT_CONVERSION = YES_AGGRESSIVE;
				CLANG_CXX_LANGUAGE_STANDARD = "gnu++14";
				CLANG_CXX_LIBRARY = "libc++";
				CLANG_ENABLE_MODULES = YES;
				CLANG_ENABLE_OBJC_ARC = YES;
				CLANG_ENABLE_OBJC_WEAK = YES;
				CLANG_WARN_BLOCK_CAPTURE_AUTORELEASING = YES;
				CLANG_WARN_BOOL_CONVERSION = YES;
				CLANG_WARN_COMMA = YES;
				CLANG_WARN_CONSTANT_CONVERSION = YES;
				CLANG_WARN_DEPRECATED_OBJC_IMPLEMENTATIONS = YES;
				CLANG_WARN_DIRECT_OBJC_ISA_USAGE = YES_ERROR;
				CLANG_WARN_DOCUMENTATION_COMMENTS = YES;
				CLANG_WARN_EMPTY_BODY = YES;
				CLANG_WARN_ENUM_CONVERSION = YES;
				CLANG_WARN_INFINITE_RECURSION = YES;
				CLANG_WARN_INT_CONVERSION = YES;
				CLANG_WARN_NON_LITERAL_NULL_CONVERSION = YES;
				CLANG_WARN_OBJC_IMPLICIT_RETAIN_SELF = YES;
				CLANG_WARN_OBJC_LITERAL_CONVERSION = YES;
				CLANG_WARN_OBJC_ROOT_CLASS = YES_ERROR;
				CLANG_WARN_QUOTED_INCLUDE_IN_FRAMEWORK_HEADER = YES;
				CLANG_WARN_RANGE_LOOP_ANALYSIS = YES;
				CLANG_WARN_STRICT_PROTOTYPES = YES;
				CLANG_WARN_SUSPICIOUS_MOVE = YES;
				CLANG_WARN_UNGUARDED_AVAILABILITY = YES_AGGRESSIVE;
				CLANG_WARN_UNREACHABLE_CODE = YES;
				CLANG_WARN__DUPLICATE_METHOD_MATCH = YES;
				COPY_PHASE_STRIP = NO;
				DEBUG_INFORMATION_FORMAT = "dwarf-with-dsym";
				ENABLE_NS_ASSERTIONS = NO;
				ENABLE_STRICT_OBJC_MSGSEND = YES;
				GCC_C_LANGUAGE_STANDARD = gnu11;
				GCC_NO_COMMON_BLOCKS = YES;
				GCC_WARN_64_TO_32_BIT_CONVERSION = YES;
				GCC_WARN_ABOUT_RETURN_TYPE = YES_ERROR;
				GCC_WARN_UNDECLARED_SELECTOR = YES;
				GCC_WARN_UNINITIALIZED_AUTOS = YES_AGGRESSIVE;
				GCC_WARN_UNUSED_FUNCTION = YES;
				GCC_WARN_UNUSED_VARIABLE = YES;
				IPHONEOS_DEPLOYMENT_TARGET = 14.4;
				MTL_ENABLE_DEBUG_INFO = NO;
				MTL_FAST_MATH = YES;
				SDKROOT = iphoneos;
				SWIFT_COMPILATION_MODE = wholemodule;
				SWIFT_OPTIMIZATION_LEVEL = "-O";
				VALIDATE_PRODUCT = YES;
			};
			name = Release;
		};
		ECBEAD6C2676F45C00144217 /* Debug */ = {
			isa = XCBuildConfiguration;
			buildSettings = {
				ASSETCATALOG_COMPILER_APPICON_NAME = AppIcon;
				ASSETCATALOG_COMPILER_GLOBAL_ACCENT_COLOR_NAME = AccentColor;
				CODE_SIGN_STYLE = Automatic;
				INFOPLIST_FILE = "Ramenology-uikit/Info.plist";
				LD_RUNPATH_SEARCH_PATHS = (
					"$(inherited)",
					"@executable_path/Frameworks",
				);
				PRODUCT_BUNDLE_IDENTIFIER = "qoala.Ramenology-uikit";
				PRODUCT_NAME = "$(TARGET_NAME)";
				SWIFT_VERSION = 5.0;
				TARGETED_DEVICE_FAMILY = "1,2";
			};
			name = Debug;
		};
		ECBEAD6D2676F45C00144217 /* Release */ = {
			isa = XCBuildConfiguration;
			buildSettings = {
				ASSETCATALOG_COMPILER_APPICON_NAME = AppIcon;
				ASSETCATALOG_COMPILER_GLOBAL_ACCENT_COLOR_NAME = AccentColor;
				CODE_SIGN_STYLE = Automatic;
				INFOPLIST_FILE = "Ramenology-uikit/Info.plist";
				LD_RUNPATH_SEARCH_PATHS = (
					"$(inherited)",
					"@executable_path/Frameworks",
				);
				PRODUCT_BUNDLE_IDENTIFIER = "qoala.Ramenology-uikit";
				PRODUCT_NAME = "$(TARGET_NAME)";
				SWIFT_VERSION = 5.0;
				TARGETED_DEVICE_FAMILY = "1,2";
			};
			name = Release;
		};
/* End XCBuildConfiguration section */

/* Begin XCConfigurationList section */
		ECBEAD4F2676F45500144217 /* Build configuration list for PBXProject "Ramenology-uikit" */ = {
			isa = XCConfigurationList;
			buildConfigurations = (
				ECBEAD692676F45C00144217 /* Debug */,
				ECBEAD6A2676F45C00144217 /* Release */,
			);
			defaultConfigurationIsVisible = 0;
			defaultConfigurationName = Release;
		};
		ECBEAD6B2676F45C00144217 /* Build configuration list for PBXNativeTarget "Ramenology-uikit" */ = {
			isa = XCConfigurationList;
			buildConfigurations = (
				ECBEAD6C2676F45C00144217 /* Debug */,
				ECBEAD6D2676F45C00144217 /* Release */,
			);
			defaultConfigurationIsVisible = 0;
			defaultConfigurationName = Release;
		};
/* End XCConfigurationList section */

/* Begin XCVersionGroup section */
		ECBEAD602676F45500144217 /* Ramenology_uikit.xcdatamodeld */ = {
			isa = XCVersionGroup;
			children = (
				ECBEAD612676F45500144217 /* Ramenology_uikit.xcdatamodel */,
			);
			currentVersion = ECBEAD612676F45500144217 /* Ramenology_uikit.xcdatamodel */;
			path = Ramenology_uikit.xcdatamodeld;
			sourceTree = "<group>";
			versionGroupType = wrapper.xcdatamodel;
		};
/* End XCVersionGroup section */
	};
	rootObject = ECBEAD4C2676F45500144217 /* Project object */;
}
